{
  "name": "tars-report-build",
  "version": "0.10.19",
  "lockfileVersion": 3,
  "requires": true,
  "packages": {
    "": {
      "name": "tars-report-build",
      "version": "0.10.19",
      "devDependencies": {
        "esbuild": "0.12.29"
      }
    },
    "node_modules/esbuild": {
      "version": "0.12.29",
      "resolved": "https://registry.npmjs.org/esbuild/-/esbuild-0.12.29.tgz",
      "integrity": "sha512-w/XuoBCSwepyiZtIRsKsetiLDUVGPVw1E/R3VTFSecIy8UR7Cq3SOtwKHJMFoVqqVG36aGkzh4e8BvpO1Fdc7g==",
      "dev": true,
      "hasInstallScript": true,
      "license": "MIT",
      "bin": {
        "esbuild": "bin/esbuild"
      }
    }
  }
}
